
Microsoft Visual Studio Solution File, Format Version 12.00
# Visual Studio Version 16
VisualStudioVersion = 16.0.31019.35
MinimumVisualStudioVersion = 10.0.40219.1
Project("{FAE04EC0-301F-11D3-BF4B-00C04F79EFBC}") = "Liars_Dice", "Liars_Dice.csproj", "{42D176A7-11E6-41A5-9DA7-B419FCB9D530}"
EndProject
Global
	GlobalSection(SolutionConfigurationPlatforms) = preSolution
		Debug|Any CPU = Debug|Any CPU
		Release|Any CPU = Release|Any CPU
	EndGlobalSection
	GlobalSection(ProjectConfigurationPlatforms) = postSolution
		{42D176A7-11E6-41A5-9DA7-B419FCB9D530}.Debug|Any CPU.ActiveCfg = Debug|Any CPU
		{42D176A7-11E6-41A5-9DA7-B419FCB9D530}.Debug|Any CPU.Build.0 = Debug|Any CPU
		{42D176A7-11E6-41A5-9DA7-B419FCB9D530}.Release|Any CPU.ActiveCfg = Release|Any CPU
		{42D176A7-11E6-41A5-9DA7-B419FCB9D530}.Release|Any CPU.Build.0 = Release|Any CPU
	EndGlobalSection
	GlobalSection(SolutionProperties) = preSolution
		HideSolutionNode = FALSE
	EndGlobalSection
	GlobalSection(ExtensibilityGlobals) = postSolution
		SolutionGuid = {D5F291E4-ABF7-47E2-942A-070532F10746}
	EndGlobalSection
EndGlobal
